Microsoft Visual Studio Solution File, Format Version 11.00
# Visual Studio 2008

Project("{DF5E3567-A141-B3BB-6C61-FF500C59621F}") = "Crazy_panda", "Assembly-CSharp.csproj", "{DD016ADA-EB86-451D-53BC-37F70CFAA36A}"
EndProject
Global
	GlobalSection(SolutionConfigurationPlatforms) = preSolution
		Debug|Any CPU = Debug|Any CPU
		Release|Any CPU = Release|Any CPU
	EndGlobalSection
	GlobalSection(ProjectConfigurationPlatforms) = postSolution
		{DD016ADA-EB86-451D-53BC-37F70CFAA36A}.Debug|Any CPU.ActiveCfg = Debug|Any CPU
		{DD016ADA-EB86-451D-53BC-37F70CFAA36A}.Debug|Any CPU.Build.0 = Debug|Any CPU
		{DD016ADA-EB86-451D-53BC-37F70CFAA36A}.Release|Any CPU.ActiveCfg = Release|Any CPU
		{DD016ADA-EB86-451D-53BC-37F70CFAA36A}.Release|Any CPU.Build.0 = Release|Any CPU
	EndGlobalSection
	GlobalSection(SolutionProperties) = preSolution
		HideSolutionNode = FALSE
	EndGlobalSection
	
EndGlobal
